
Microsoft Visual Studio Solution File, Format Version 12.00
# Visual Studio Version 16
VisualStudioVersion = 16.6.30114.105
MinimumVisualStudioVersion = 10.0.40219.1
Project("{FAE04EC0-301F-11D3-BF4B-00C04F79EFBC}") = "API", "API\API.csproj", "{797F76A2-2B85-4CD7-A790-EAEFEF5BA443}"
EndProject
Project("{FAE04EC0-301F-11D3-BF4B-00C04F79EFBC}") = "Application", "Application\Application.csproj", "{B963BF68-62E4-4CE2-8A73-EA14CE12A372}"
EndProject
Project("{FAE04EC0-301F-11D3-BF4B-00C04F79EFBC}") = "Persistence", "Persistence\Persistence.csproj", "{9C229D37-69F9-42CC-9494-F3C76D17DE0E}"
EndProject
Project("{FAE04EC0-301F-11D3-BF4B-00C04F79EFBC}") = "Domain", "Domain\Domain.csproj", "{913D81C0-D9D7-4D56-8BB7-6809089B568F}"
EndProject
Project("{FAE04EC0-301F-11D3-BF4B-00C04F79EFBC}") = "Infrastructure", "Infrastructure\Infrastructure.csproj", "{E1962582-85BB-4609-8C33-33DCF88CDE67}"
EndProject
Global
	GlobalSection(SolutionConfigurationPlatforms) = preSolution
		Debug|Any CPU = Debug|Any CPU
		Debug|x64 = Debug|x64
		Debug|x86 = Debug|x86
		Release|Any CPU = Release|Any CPU
		Release|x64 = Release|x64
		Release|x86 = Release|x86
	EndGlobalSection
	GlobalSection(SolutionProperties) = preSolution
		HideSolutionNode = FALSE
	EndGlobalSection
	GlobalSection(ProjectConfigurationPlatforms) = postSolution
		{797F76A2-2B85-4CD7-A790-EAEFEF5BA443}.Debug|Any CPU.ActiveCfg = Debug|Any CPU
		{797F76A2-2B85-4CD7-A790-EAEFEF5BA443}.Debug|Any CPU.Build.0 = Debug|Any CPU
		{797F76A2-2B85-4CD7-A790-EAEFEF5BA443}.Debug|x64.ActiveCfg = Debug|Any CPU
		{797F76A2-2B85-4CD7-A790-EAEFEF5BA443}.Debug|x64.Build.0 = Debug|Any CPU
		{797F76A2-2B85-4CD7-A790-EAEFEF5BA443}.Debug|x86.ActiveCfg = Debug|Any CPU
		{797F76A2-2B85-4CD7-A790-EAEFEF5BA443}.Debug|x86.Build.0 = Debug|Any CPU
		{797F76A2-2B85-4CD7-A790-EAEFEF5BA443}.Release|Any CPU.ActiveCfg = Release|Any CPU
		{797F76A2-2B85-4CD7-A790-EAEFEF5BA443}.Release|Any CPU.Build.0 = Release|Any CPU
		{797F76A2-2B85-4CD7-A790-EAEFEF5BA443}.Release|x64.ActiveCfg = Release|Any CPU
		{797F76A2-2B85-4CD7-A790-EAEFEF5BA443}.Release|x64.Build.0 = Release|Any CPU
		{797F76A2-2B85-4CD7-A790-EAEFEF5BA443}.Release|x86.ActiveCfg = Release|Any CPU
		{797F76A2-2B85-4CD7-A790-EAEFEF5BA443}.Release|x86.Build.0 = Release|Any CPU
		{B963BF68-62E4-4CE2-8A73-EA14CE12A372}.Debug|Any CPU.ActiveCfg = Debug|Any CPU
		{B963BF68-62E4-4CE2-8A73-EA14CE12A372}.Debug|Any CPU.Build.0 = Debug|Any CPU
		{B963BF68-62E4-4CE2-8A73-EA14CE12A372}.Debug|x64.ActiveCfg = Debug|Any CPU
		{B963BF68-62E4-4CE2-8A73-EA14CE12A372}.Debug|x64.Build.0 = Debug|Any CPU
		{B963BF68-62E4-4CE2-8A73-EA14CE12A372}.Debug|x86.ActiveCfg = Debug|Any CPU
		{B963BF68-62E4-4CE2-8A73-EA14CE12A372}.Debug|x86.Build.0 = Debug|Any CPU
		{B963BF68-62E4-4CE2-8A73-EA14CE12A372}.Release|Any CPU.ActiveCfg = Release|Any CPU
		{B963BF68-62E4-4CE2-8A73-EA14CE12A372}.Release|Any CPU.Build.0 = Release|Any CPU
		{B963BF68-62E4-4CE2-8A73-EA14CE12A372}.Release|x64.ActiveCfg = Release|Any CPU
		{B963BF68-62E4-4CE2-8A73-EA14CE12A372}.Release|x64.Build.0 = Release|Any CPU
		{B963BF68-62E4-4CE2-8A73-EA14CE12A372}.Release|x86.ActiveCfg = Release|Any CPU
		{B963BF68-62E4-4CE2-8A73-EA14CE12A372}.Release|x86.Build.0 = Release|Any CPU
		{9C229D37-69F9-42CC-9494-F3C76D17DE0E}.Debug|Any CPU.ActiveCfg = Debug|Any CPU
		{9C229D37-69F9-42CC-9494-F3C76D17DE0E}.Debug|Any CPU.Build.0 = Debug|Any CPU
		{9C229D37-69F9-42CC-9494-F3C76D17DE0E}.Debug|x64.ActiveCfg = Debug|Any CPU
		{9C229D37-69F9-42CC-9494-F3C76D17DE0E}.Debug|x64.Build.0 = Debug|Any CPU
		{9C229D37-69F9-42CC-9494-F3C76D17DE0E}.Debug|x86.ActiveCfg = Debug|Any CPU
		{9C229D37-69F9-42CC-9494-F3C76D17DE0E}.Debug|x86.Build.0 = Debug|Any CPU
		{9C229D37-69F9-42CC-9494-F3C76D17DE0E}.Release|Any CPU.ActiveCfg = Release|Any CPU
		{9C229D37-69F9-42CC-9494-F3C76D17DE0E}.Release|Any CPU.Build.0 = Release|Any CPU
		{9C229D37-69F9-42CC-9494-F3C76D17DE0E}.Release|x64.ActiveCfg = Release|Any CPU
		{9C229D37-69F9-42CC-9494-F3C76D17DE0E}.Release|x64.Build.0 = Release|Any CPU
		{9C229D37-69F9-42CC-9494-F3C76D17DE0E}.Release|x86.ActiveCfg = Release|Any CPU
		{9C229D37-69F9-42CC-9494-F3C76D17DE0E}.Release|x86.Build.0 = Release|Any CPU
		{913D81C0-D9D7-4D56-8BB7-6809089B568F}.Debug|Any CPU.ActiveCfg = Debug|Any CPU
		{913D81C0-D9D7-4D56-8BB7-6809089B568F}.Debug|Any CPU.Build.0 = Debug|Any CPU
		{913D81C0-D9D7-4D56-8BB7-6809089B568F}.Debug|x64.ActiveCfg = Debug|Any CPU
		{913D81C0-D9D7-4D56-8BB7-6809089B568F}.Debug|x64.Build.0 = Debug|Any CPU
		{913D81C0-D9D7-4D56-8BB7-6809089B568F}.Debug|x86.ActiveCfg = Debug|Any CPU
		{913D81C0-D9D7-4D56-8BB7-6809089B568F}.Debug|x86.Build.0 = Debug|Any CPU
		{913D81C0-D9D7-4D56-8BB7-6809089B568F}.Release|Any CPU.ActiveCfg = Release|Any CPU
		{913D81C0-D9D7-4D56-8BB7-6809089B568F}.Release|Any CPU.Build.0 = Release|Any CPU
		{913D81C0-D9D7-4D56-8BB7-6809089B568F}.Release|x64.ActiveCfg = Release|Any CPU
		{913D81C0-D9D7-4D56-8BB7-6809089B568F}.Release|x64.Build.0 = Release|Any CPU
		{913D81C0-D9D7-4D56-8BB7-6809089B568F}.Release|x86.ActiveCfg = Release|Any CPU
		{913D81C0-D9D7-4D56-8BB7-6809089B568F}.Release|x86.Build.0 = Release|Any CPU
		{E1962582-85BB-4609-8C33-33DCF88CDE67}.Debug|Any CPU.ActiveCfg = Debug|Any CPU
		{E1962582-85BB-4609-8C33-33DCF88CDE67}.Debug|Any CPU.Build.0 = Debug|Any CPU
		{E1962582-85BB-4609-8C33-33DCF88CDE67}.Debug|x64.ActiveCfg = Debug|Any CPU
		{E1962582-85BB-4609-8C33-33DCF88CDE67}.Debug|x64.Build.0 = Debug|Any CPU
		{E1962582-85BB-4609-8C33-33DCF88CDE67}.Debug|x86.ActiveCfg = Debug|Any CPU
		{E1962582-85BB-4609-8C33-33DCF88CDE67}.Debug|x86.Build.0 = Debug|Any CPU
		{E1962582-85BB-4609-8C33-33DCF88CDE67}.Release|Any CPU.ActiveCfg = Release|Any CPU
		{E1962582-85BB-4609-8C33-33DCF88CDE67}.Release|Any CPU.Build.0 = Release|Any CPU
		{E1962582-85BB-4609-8C33-33DCF88CDE67}.Release|x64.ActiveCfg = Release|Any CPU
		{E1962582-85BB-4609-8C33-33DCF88CDE67}.Release|x64.Build.0 = Release|Any CPU
		{E1962582-85BB-4609-8C33-33DCF88CDE67}.Release|x86.ActiveCfg = Release|Any CPU
		{E1962582-85BB-4609-8C33-33DCF88CDE67}.Release|x86.Build.0 = Release|Any CPU
	EndGlobalSection
EndGlobal
